
Microsoft Visual Studio Solution File, Format Version 12.00
# Visual Studio Version 16
VisualStudioVersion = 16.0.29509.3
MinimumVisualStudioVersion = 10.0.40219.1
Project("{FAE04EC0-301F-11D3-BF4B-00C04F79EFBC}") = "BookStore1", "BookStore1.csproj", "{9CFF47C1-7A8F-4534-B401-1874BDC3E792}"
EndProject
Global
	GlobalSection(SolutionConfigurationPlatforms) = preSolution
		Debug|Any CPU = Debug|Any CPU
		Release|Any CPU = Release|Any CPU
	EndGlobalSection
	GlobalSection(ProjectConfigurationPlatforms) = postSolution
		{9CFF47C1-7A8F-4534-B401-1874BDC3E792}.Debug|Any CPU.ActiveCfg = Debug|Any CPU
		{9CFF47C1-7A8F-4534-B401-1874BDC3E792}.Debug|Any CPU.Build.0 = Debug|Any CPU
		{9CFF47C1-7A8F-4534-B401-1874BDC3E792}.Release|Any CPU.ActiveCfg = Release|Any CPU
		{9CFF47C1-7A8F-4534-B401-1874BDC3E792}.Release|Any CPU.Build.0 = Release|Any CPU
	EndGlobalSection
	GlobalSection(SolutionProperties) = preSolution
		HideSolutionNode = FALSE
	EndGlobalSection
	GlobalSection(ExtensibilityGlobals) = postSolution
		SolutionGuid = {37158E10-9C28-4780-BAB2-CB8B891A0B6B}
	EndGlobalSection
EndGlobal
